
Microsoft Visual Studio Solution File, Format Version 12.00
# Visual Studio 2012
Project("{FAE04EC0-301F-11D3-BF4B-00C04F79EFBC}") = "SecurityQueuingDemo1", "ServiceBusForWindowsDemo1\SecurityQueuingDemo1.csproj", "{B971FD74-3BCA-4B2A-BE11-6065C762D0BB}"
EndProject
Global
	GlobalSection(TeamFoundationVersionControl) = preSolution
		SccNumberOfProjects = 2
		SccEnterpriseProvider = {4CA58AB2-18FA-4F8D-95D4-32DDF27D184C}
		SccTeamFoundationServer = http://cltprtfsapp1:8080/
		SccLocalPath0 = .
		SccProjectUniqueName1 = ServiceBusForWindowsDemo1\\SecurityQueuingDemo1.csproj
		SccProjectName1 = ServiceBusForWindowsDemo1
		SccLocalPath1 = ServiceBusForWindowsDemo1
	EndGlobalSection
	GlobalSection(SolutionConfigurationPlatforms) = preSolution
		Debug|Any CPU = Debug|Any CPU
		Release|Any CPU = Release|Any CPU
	EndGlobalSection
	GlobalSection(ProjectConfigurationPlatforms) = postSolution
		{B971FD74-3BCA-4B2A-BE11-6065C762D0BB}.Debug|Any CPU.ActiveCfg = Debug|Any CPU
		{B971FD74-3BCA-4B2A-BE11-6065C762D0BB}.Debug|Any CPU.Build.0 = Debug|Any CPU
		{B971FD74-3BCA-4B2A-BE11-6065C762D0BB}.Release|Any CPU.ActiveCfg = Release|Any CPU
		{B971FD74-3BCA-4B2A-BE11-6065C762D0BB}.Release|Any CPU.Build.0 = Release|Any CPU
	EndGlobalSection
	GlobalSection(SolutionProperties) = preSolution
		HideSolutionNode = FALSE
	EndGlobalSection
EndGlobal
