
Microsoft Visual Studio Solution File, Format Version 12.00
# Visual Studio 2012
Project("{FAE04EC0-301F-11D3-BF4B-00C04F79EFBC}") = "NullService", "NullService\NullService.csproj", "{A3F94326-73A4-44A5-A4B3-FA200E91CC4B}"
EndProject
Project("{FAE04EC0-301F-11D3-BF4B-00C04F79EFBC}") = "Subscriber.Host", "Subscriber.Host\Subscriber.Host.csproj", "{6009E6A3-9893-4123-BB11-E8D49E63EB44}"
EndProject
Project("{2150E333-8FDC-42A3-9474-1A3956D46DE8}") = ".nuget", ".nuget", "{48D74C56-35B9-485A-9307-8FBEA55BB345}"
	ProjectSection(SolutionItems) = preProject
		.nuget\NuGet.Config = .nuget\NuGet.Config
		.nuget\NuGet.exe = .nuget\NuGet.exe
		.nuget\NuGet.targets = .nuget\NuGet.targets
	EndProjectSection
EndProject
Global
	GlobalSection(TeamFoundationVersionControl) = preSolution
		SccNumberOfProjects = 3
		SccEnterpriseProvider = {4CA58AB2-18FA-4F8D-95D4-32DDF27D184C}
		SccTeamFoundationServer = http://cltprtfsapp1:8080/
		SccProjectUniqueName0 = NullService\\NullService.csproj
		SccProjectName0 = NullService
		SccLocalPath0 = NullService
		SccProjectUniqueName1 = Subscriber.Host\\Subscriber.Host.csproj
		SccProjectName1 = Subscriber.Host
		SccLocalPath1 = Subscriber.Host
		SccLocalPath2 = .
	EndGlobalSection
	GlobalSection(SolutionConfigurationPlatforms) = preSolution
		Debug|Any CPU = Debug|Any CPU
		Debug|x64 = Debug|x64
		Release|Any CPU = Release|Any CPU
		Release|x64 = Release|x64
	EndGlobalSection
	GlobalSection(ProjectConfigurationPlatforms) = postSolution
		{A3F94326-73A4-44A5-A4B3-FA200E91CC4B}.Debug|Any CPU.ActiveCfg = Debug|Any CPU
		{A3F94326-73A4-44A5-A4B3-FA200E91CC4B}.Debug|Any CPU.Build.0 = Debug|Any CPU
		{A3F94326-73A4-44A5-A4B3-FA200E91CC4B}.Debug|x64.ActiveCfg = Debug|x64
		{A3F94326-73A4-44A5-A4B3-FA200E91CC4B}.Debug|x64.Build.0 = Debug|x64
		{A3F94326-73A4-44A5-A4B3-FA200E91CC4B}.Release|Any CPU.ActiveCfg = Release|Any CPU
		{A3F94326-73A4-44A5-A4B3-FA200E91CC4B}.Release|Any CPU.Build.0 = Release|Any CPU
		{A3F94326-73A4-44A5-A4B3-FA200E91CC4B}.Release|x64.ActiveCfg = Release|x64
		{A3F94326-73A4-44A5-A4B3-FA200E91CC4B}.Release|x64.Build.0 = Release|x64
		{6009E6A3-9893-4123-BB11-E8D49E63EB44}.Debug|Any CPU.ActiveCfg = Debug|Any CPU
		{6009E6A3-9893-4123-BB11-E8D49E63EB44}.Debug|Any CPU.Build.0 = Debug|Any CPU
		{6009E6A3-9893-4123-BB11-E8D49E63EB44}.Debug|x64.ActiveCfg = Debug|x64
		{6009E6A3-9893-4123-BB11-E8D49E63EB44}.Debug|x64.Build.0 = Debug|x64
		{6009E6A3-9893-4123-BB11-E8D49E63EB44}.Release|Any CPU.ActiveCfg = Release|Any CPU
		{6009E6A3-9893-4123-BB11-E8D49E63EB44}.Release|Any CPU.Build.0 = Release|Any CPU
		{6009E6A3-9893-4123-BB11-E8D49E63EB44}.Release|x64.ActiveCfg = Release|x64
		{6009E6A3-9893-4123-BB11-E8D49E63EB44}.Release|x64.Build.0 = Release|x64
	EndGlobalSection
	GlobalSection(SolutionProperties) = preSolution
		HideSolutionNode = FALSE
	EndGlobalSection
EndGlobal
